
Microsoft Visual Studio Solution File, Format Version 12.00
# Visual Studio 14
VisualStudioVersion = 14.0.25420.1
MinimumVisualStudioVersion = 10.0.40219.1
Project("{FAE04EC0-301F-11D3-BF4B-00C04F79EFBC}") = "Exercise3", "ConsoleApplication1\Exercise3.csproj", "{EA56E9D1-7CD6-484B-AF61-820AB53E86CD}"
EndProject
Global
	GlobalSection(SolutionConfigurationPlatforms) = preSolution
		Debug|Any CPU = Debug|Any CPU
		Release|Any CPU = Release|Any CPU
	EndGlobalSection
	GlobalSection(ProjectConfigurationPlatforms) = postSolution
		{EA56E9D1-7CD6-484B-AF61-820AB53E86CD}.Debug|Any CPU.ActiveCfg = Debug|Any CPU
		{EA56E9D1-7CD6-484B-AF61-820AB53E86CD}.Debug|Any CPU.Build.0 = Debug|Any CPU
		{EA56E9D1-7CD6-484B-AF61-820AB53E86CD}.Release|Any CPU.ActiveCfg = Release|Any CPU
		{EA56E9D1-7CD6-484B-AF61-820AB53E86CD}.Release|Any CPU.Build.0 = Release|Any CPU
	EndGlobalSection
	GlobalSection(SolutionProperties) = preSolution
		HideSolutionNode = FALSE
	EndGlobalSection
EndGlobal
